
Microsoft Visual Studio Solution File, Format Version 12.00
# Visual Studio Version 16
VisualStudioVersion = 16.0.30011.22
MinimumVisualStudioVersion = 10.0.40219.1
Project("{FAE04EC0-301F-11D3-BF4B-00C04F79EFBC}") = "CommitteeApi", "CommitteeApi\CommitteeApi.csproj", "{B8BE7723-38D7-49F9-B7C7-FD118AB26BDF}"
EndProject
Project("{9A19103F-16F7-4668-BE54-9A1E7A4F7556}") = "SMSlegan", "LeganSMS\LeganSMS\SMSlegan\SMSlegan.csproj", "{A0984D63-AE76-40ED-B519-E76CD4169E7A}"
EndProject
Global
	GlobalSection(SolutionConfigurationPlatforms) = preSolution
		Debug|Any CPU = Debug|Any CPU
		Release|Any CPU = Release|Any CPU
	EndGlobalSection
	GlobalSection(ProjectConfigurationPlatforms) = postSolution
		{B8BE7723-38D7-49F9-B7C7-FD118AB26BDF}.Debug|Any CPU.ActiveCfg = Debug|Any CPU
		{B8BE7723-38D7-49F9-B7C7-FD118AB26BDF}.Debug|Any CPU.Build.0 = Debug|Any CPU
		{B8BE7723-38D7-49F9-B7C7-FD118AB26BDF}.Release|Any CPU.ActiveCfg = Release|Any CPU
		{B8BE7723-38D7-49F9-B7C7-FD118AB26BDF}.Release|Any CPU.Build.0 = Release|Any CPU
		{A0984D63-AE76-40ED-B519-E76CD4169E7A}.Debug|Any CPU.ActiveCfg = Debug|Any CPU
		{A0984D63-AE76-40ED-B519-E76CD4169E7A}.Debug|Any CPU.Build.0 = Debug|Any CPU
		{A0984D63-AE76-40ED-B519-E76CD4169E7A}.Release|Any CPU.ActiveCfg = Release|Any CPU
		{A0984D63-AE76-40ED-B519-E76CD4169E7A}.Release|Any CPU.Build.0 = Release|Any CPU
	EndGlobalSection
	GlobalSection(SolutionProperties) = preSolution
		HideSolutionNode = FALSE
	EndGlobalSection
	GlobalSection(ExtensibilityGlobals) = postSolution
		SolutionGuid = {93AD7E0E-316F-4F79-B586-1C9A62910745}
	EndGlobalSection
EndGlobal
